// !$*UTF8*$!
{
	archiveVersion = 1;
	classes = {
	};
	objectVersion = 56;
	objects = {

/* Begin PBXBuildFile section */
		A604EEC32CB653CC0032E74B /* MapView.swift in Sources */ = {isa = PBXBuildFile; fileRef = A604EEC22CB653CC0032E74B /* MapView.swift */; };
		A673DC182CB6AA8A00318D3B /* VegasChart.swift in Sources */ = {isa = PBXBuildFile; fileRef = A673DC172CB6AA8A00318D3B /* VegasChart.swift */; };
		A67A7F9B2C7F9A220013792D /* VacationInVegasApp.swift in Sources */ = {isa = PBXBuildFile; fileRef = A67A7F9A2C7F9A220013792D /* VacationInVegasApp.swift */; };
		A67A7F9D2C7F9A220013792D /* ContentView.swift in Sources */ = {isa = PBXBuildFile; fileRef = A67A7F9C2C7F9A220013792D /* ContentView.swift */; };
		A67A7F9F2C7F9A230013792D /* Assets.xcassets in Resources */ = {isa = PBXBuildFile; fileRef = A67A7F9E2C7F9A230013792D /* Assets.xcassets */; };
		A67A7FA22C7F9A230013792D /* Preview Assets.xcassets in Resources */ = {isa = PBXBuildFile; fileRef = A67A7FA12C7F9A230013792D /* Preview Assets.xcassets */; };
		A67A7FA92C7F9DF10013792D /* Symbols.swift in Sources */ = {isa = PBXBuildFile; fileRef = A67A7FA82C7F9DF10013792D /* Symbols.swift */; };
		A698D2A12CB4F07C00B1C3DA /* ScrollImage.swift in Sources */ = {isa = PBXBuildFile; fileRef = A698D2A02CB4F07C00B1C3DA /* ScrollImage.swift */; };
		A698D2A32CB4F65E00B1C3DA /* Scrolling.swift in Sources */ = {isa = PBXBuildFile; fileRef = A698D2A22CB4F65E00B1C3DA /* Scrolling.swift */; };
		A698D2A52CB4F82E00B1C3DA /* Place.swift in Sources */ = {isa = PBXBuildFile; fileRef = A698D2A42CB4F82E00B1C3DA /* Place.swift */; };
		A698D2A72CB52C2000B1C3DA /* PlaceList.swift in Sources */ = {isa = PBXBuildFile; fileRef = A698D2A62CB52C2000B1C3DA /* PlaceList.swift */; };
		A6F1743D2CB790D9004BE93B /* TripsChart.swift in Sources */ = {isa = PBXBuildFile; fileRef = A6F1743C2CB790D9004BE93B /* TripsChart.swift */; };
/* End PBXBuildFile section */

/* Begin PBXFileReference section */
		A604EEC22CB653CC0032E74B /* MapView.swift */ = {isa = PBXFileReference; lastKnownFileType = sourcecode.swift; path = MapView.swift; sourceTree = "<group>"; };
		A673DC172CB6AA8A00318D3B /* VegasChart.swift */ = {isa = PBXFileReference; lastKnownFileType = sourcecode.swift; path = VegasChart.swift; sourceTree = "<group>"; };
		A67A7F972C7F9A220013792D /* VacationInVegas.app */ = {isa = PBXFileReference; explicitFileType = wrapper.application; includeInIndex = 0; path = VacationInVegas.app; sourceTree = BUILT_PRODUCTS_DIR; };
		A67A7F9A2C7F9A220013792D /* VacationInVegasApp.swift */ = {isa = PBXFileReference; lastKnownFileType = sourcecode.swift; path = VacationInVegasApp.swift; sourceTree = "<group>"; };
		A67A7F9C2C7F9A220013792D /* ContentView.swift */ = {isa = PBXFileReference; lastKnownFileType = sourcecode.swift; path = ContentView.swift; sourceTree = "<group>"; };
		A67A7F9E2C7F9A230013792D /* Assets.xcassets */ = {isa = PBXFileReference; lastKnownFileType = folder.assetcatalog; path = Assets.xcassets; sourceTree = "<group>"; };
		A67A7FA12C7F9A230013792D /* Preview Assets.xcassets */ = {isa = PBXFileReference; lastKnownFileType = folder.assetcatalog; path = "Preview Assets.xcassets"; sourceTree = "<group>"; };
		A67A7FA82C7F9DF10013792D /* Symbols.swift */ = {isa = PBXFileReference; lastKnownFileType = sourcecode.swift; path = Symbols.swift; sourceTree = "<group>"; };
		A698D2A02CB4F07C00B1C3DA /* ScrollImage.swift */ = {isa = PBXFileReference; lastKnownFileType = sourcecode.swift; path = ScrollImage.swift; sourceTree = "<group>"; };
		A698D2A22CB4F65E00B1C3DA /* Scrolling.swift */ = {isa = PBXFileReference; lastKnownFileType = sourcecode.swift; path = Scrolling.swift; sourceTree = "<group>"; };
		A698D2A42CB4F82E00B1C3DA /* Place.swift */ = {isa = PBXFileReference; lastKnownFileType = sourcecode.swift; path = Place.swift; sourceTree = "<group>"; };
		A698D2A62CB52C2000B1C3DA /* PlaceList.swift */ = {isa = PBXFileReference; lastKnownFileType = sourcecode.swift; path = PlaceList.swift; sourceTree = "<group>"; };
		A6F1743C2CB790D9004BE93B /* TripsChart.swift */ = {isa = PBXFileReference; lastKnownFileType = sourcecode.swift; path = TripsChart.swift; sourceTree = "<group>"; };
/* End PBXFileReference section */

/* Begin PBXFrameworksBuildPhase section */
		A67A7F942C7F9A220013792D /* Frameworks */ = {
			isa = PBXFrameworksBuildPhase;
			buildActionMask = 2147483647;
			files = (
			);
			runOnlyForDeploymentPostprocessing = 0;
		};
/* End PBXFrameworksBuildPhase section */

/* Begin PBXGroup section */
		A67A7F8E2C7F9A220013792D = {
			isa = PBXGroup;
			children = (
				A67A7F992C7F9A220013792D /* VacationInVegas */,
				A67A7F982C7F9A220013792D /* Products */,
			);
			sourceTree = "<group>";
		};
		A67A7F982C7F9A220013792D /* Products */ = {
			isa = PBXGroup;
			children = (
				A67A7F972C7F9A220013792D /* VacationInVegas.app */,
			);
			name = Products;
			sourceTree = "<group>";
		};
		A67A7F992C7F9A220013792D /* VacationInVegas */ = {
			isa = PBXGroup;
			children = (
				A67A7F9A2C7F9A220013792D /* VacationInVegasApp.swift */,
				A67A7F9C2C7F9A220013792D /* ContentView.swift */,
				A673DC172CB6AA8A00318D3B /* VegasChart.swift */,
				A6F1743C2CB790D9004BE93B /* TripsChart.swift */,
				A698D2A62CB52C2000B1C3DA /* PlaceList.swift */,
				A604EEC22CB653CC0032E74B /* MapView.swift */,
				A67A7FA82C7F9DF10013792D /* Symbols.swift */,
				A698D2A02CB4F07C00B1C3DA /* ScrollImage.swift */,
				A698D2A22CB4F65E00B1C3DA /* Scrolling.swift */,
				A698D2A42CB4F82E00B1C3DA /* Place.swift */,
				A67A7F9E2C7F9A230013792D /* Assets.xcassets */,
				A67A7FA02C7F9A230013792D /* Preview Content */,
			);
			path = VacationInVegas;
			sourceTree = "<group>";
		};
		A67A7FA02C7F9A230013792D /* Preview Content */ = {
			isa = PBXGroup;
			children = (
				A67A7FA12C7F9A230013792D /* Preview Assets.xcassets */,
			);
			path = "Preview Content";
			sourceTree = "<group>";
		};
/* End PBXGroup section */

/* Begin PBXNativeTarget section */
		A67A7F962C7F9A220013792D /* VacationInVegas */ = {
			isa = PBXNativeTarget;
			buildConfigurationList = A67A7FA52C7F9A230013792D /* Build configuration list for PBXNativeTarget "VacationInVegas" */;
			buildPhases = (
				A67A7F932C7F9A220013792D /* Sources */,
				A67A7F942C7F9A220013792D /* Frameworks */,
				A67A7F952C7F9A220013792D /* Resources */,
			);
			buildRules = (
			);
			dependencies = (
			);
			name = VacationInVegas;
			productName = VacationInVegas;
			productReference = A67A7F972C7F9A220013792D /* VacationInVegas.app */;
			productType = "com.apple.product-type.application";
		};
/* End PBXNativeTarget section */

/* Begin PBXProject section */
		A67A7F8F2C7F9A220013792D /* Project object */ = {
			isa = PBXProject;
			attributes = {
				BuildIndependentTargetsInParallel = 1;
				LastSwiftUpdateCheck = 1530;
				LastUpgradeCheck = 1530;
				TargetAttributes = {
					A67A7F962C7F9A220013792D = {
						CreatedOnToolsVersion = 15.3;
					};
				};
			};
			buildConfigurationList = A67A7F922C7F9A220013792D /* Build configuration list for PBXProject "VacationInVegas" */;
			compatibilityVersion = "Xcode 14.0";
			developmentRegion = en;
			hasScannedForEncodings = 0;
			knownRegions = (
				en,
				Base,
			);
			mainGroup = A67A7F8E2C7F9A220013792D;
			productRefGroup = A67A7F982C7F9A220013792D /* Products */;
			projectDirPath = "";
			projectRoot = "";
			targets = (
				A67A7F962C7F9A220013792D /* VacationInVegas */,
			);
		};
/* End PBXProject section */

/* Begin PBXResourcesBuildPhase section */
		A67A7F952C7F9A220013792D /* Resources */ = {
			isa = PBXResourcesBuildPhase;
			buildActionMask = 2147483647;
			files = (
				A67A7FA22C7F9A230013792D /* Preview Assets.xcassets in Resources */,
				A67A7F9F2C7F9A230013792D /* Assets.xcassets in Resources */,
			);
			runOnlyForDeploymentPostprocessing = 0;
		};
/* End PBXResourcesBuildPhase section */

/* Begin PBXSourcesBuildPhase section */
		A67A7F932C7F9A220013792D /* Sources */ = {
			isa = PBXSourcesBuildPhase;
			buildActionMask = 2147483647;
			files = (
				A67A7F9D2C7F9A220013792D /* ContentView.swift in Sources */,
				A67A7FA92C7F9DF10013792D /* Symbols.swift in Sources */,
				A604EEC32CB653CC0032E74B /* MapView.swift in Sources */,
				A698D2A72CB52C2000B1C3DA /* PlaceList.swift in Sources */,
				A698D2A12CB4F07C00B1C3DA /* ScrollImage.swift in Sources */,
				A6F1743D2CB790D9004BE93B /* TripsChart.swift in Sources */,
				A698D2A52CB4F82E00B1C3DA /* Place.swift in Sources */,
				A673DC182CB6AA8A00318D3B /* VegasChart.swift in Sources */,
				A698D2A32CB4F65E00B1C3DA /* Scrolling.swift in Sources */,
				A67A7F9B2C7F9A220013792D /* VacationInVegasApp.swift in Sources */,
			);
			runOnlyForDeploymentPostprocessing = 0;
		};
/* End PBXSourcesBuildPhase section */

/* Begin XCBuildConfiguration section */
		A67A7FA32C7F9A230013792D /* Debug */ = {
			isa = XCBuildConfiguration;
			buildSettings = {
				ALWAYS_SEARCH_USER_PATHS = NO;
				ASSETCATALOG_COMPILER_GENERATE_SWIFT_ASSET_SYMBOL_EXTENSIONS = YES;
				CLANG_ANALYZER_NONNULL = YES;
				CLANG_ANALYZER_NUMBER_OBJECT_CONVERSION = YES_AGGRESSIVE;
				CLANG_CXX_LANGUAGE_STANDARD = "gnu++20";
				CLANG_ENABLE_MODULES = YES;
				CLANG_ENABLE_OBJC_ARC = YES;
				CLANG_ENABLE_OBJC_WEAK = YES;
				CLANG_WARN_BLOCK_CAPTURE_AUTORELEASING = YES;
				CLANG_WARN_BOOL_CONVERSION = YES;
				CLANG_WARN_COMMA = YES;
				CLANG_WARN_CONSTANT_CONVERSION = YES;
				CLANG_WARN_DEPRECATED_OBJC_IMPLEMENTATIONS = YES;
				CLANG_WARN_DIRECT_OBJC_ISA_USAGE = YES_ERROR;
				CLANG_WARN_DOCUMENTATION_COMMENTS = YES;
				CLANG_WARN_EMPTY_BODY = YES;
				CLANG_WARN_ENUM_CONVERSION = YES;
				CLANG_WARN_INFINITE_RECURSION = YES;
				CLANG_WARN_INT_CONVERSION = YES;
				CLANG_WARN_NON_LITERAL_NULL_CONVERSION = YES;
				CLANG_WARN_OBJC_IMPLICIT_RETAIN_SELF = YES;
				CLANG_WARN_OBJC_LITERAL_CONVERSION = YES;
				CLANG_WARN_OBJC_ROOT_CLASS = YES_ERROR;
				CLANG_WARN_QUOTED_INCLUDE_IN_FRAMEWORK_HEADER = YES;
				CLANG_WARN_RANGE_LOOP_ANALYSIS = YES;
				CLANG_WARN_STRICT_PROTOTYPES = YES;
				CLANG_WARN_SUSPICIOUS_MOVE = YES;
				CLANG_WARN_UNGUARDED_AVAILABILITY = YES_AGGRESSIVE;
				CLANG_WARN_UNREACHABLE_CODE = YES;
				CLANG_WARN__DUPLICATE_METHOD_MATCH = YES;
				COPY_PHASE_STRIP = NO;
				DEBUG_INFORMATION_FORMAT = dwarf;
				ENABLE_STRICT_OBJC_MSGSEND = YES;
				ENABLE_TESTABILITY = YES;
				ENABLE_USER_SCRIPT_SANDBOXING = YES;
				GCC_C_LANGUAGE_STANDARD = gnu17;
				GCC_DYNAMIC_NO_PIC = NO;
				GCC_NO_COMMON_BLOCKS = YES;
				GCC_OPTIMIZATION_LEVEL = 0;
				GCC_PREPROCESSOR_DEFINITIONS = (
					"DEBUG=1",
					"$(inherited)",
				);
				GCC_WARN_64_TO_32_BIT_CONVERSION = YES;
				GCC_WARN_ABOUT_RETURN_TYPE = YES_ERROR;
				GCC_WARN_UNDECLARED_SELECTOR = YES;
				GCC_WARN_UNINITIALIZED_AUTOS = YES_AGGRESSIVE;
				GCC_WARN_UNUSED_FUNCTION = YES;
				GCC_WARN_UNUSED_VARIABLE = YES;
				IPHONEOS_DEPLOYMENT_TARGET = 17.4;
				LOCALIZATION_PREFERS_STRING_CATALOGS = YES;
				MTL_ENABLE_DEBUG_INFO = INCLUDE_SOURCE;
				MTL_FAST_MATH = YES;
				ONLY_ACTIVE_ARCH = YES;
				SDKROOT = iphoneos;
				SWIFT_ACTIVE_COMPILATION_CONDITIONS = "DEBUG $(inherited)";
				SWIFT_OPTIMIZATION_LEVEL = "-Onone";
			};
			name = Debug;
		};
		A67A7FA42C7F9A230013792D /* Release */ = {
			isa = XCBuildConfiguration;
			buildSettings = {
				ALWAYS_SEARCH_USER_PATHS = NO;
				ASSETCATALOG_COMPILER_GENERATE_SWIFT_ASSET_SYMBOL_EXTENSIONS = YES;
				CLANG_ANALYZER_NONNULL = YES;
				CLANG_ANALYZER_NUMBER_OBJECT_CONVERSION = YES_AGGRESSIVE;
				CLANG_CXX_LANGUAGE_STANDARD = "gnu++20";
				CLANG_ENABLE_MODULES = YES;
				CLANG_ENABLE_OBJC_ARC = YES;
				CLANG_ENABLE_OBJC_WEAK = YES;
				CLANG_WARN_BLOCK_CAPTURE_AUTORELEASING = YES;
				CLANG_WARN_BOOL_CONVERSION = YES;
				CLANG_WARN_COMMA = YES;
				CLANG_WARN_CONSTANT_CONVERSION = YES;
				CLANG_WARN_DEPRECATED_OBJC_IMPLEMENTATIONS = YES;
				CLANG_WARN_DIRECT_OBJC_ISA_USAGE = YES_ERROR;
				CLANG_WARN_DOCUMENTATION_COMMENTS = YES;
				CLANG_WARN_EMPTY_BODY = YES;
				CLANG_WARN_ENUM_CONVERSION = YES;
				CLANG_WARN_INFINITE_RECURSION = YES;
				CLANG_WARN_INT_CONVERSION = YES;
				CLANG_WARN_NON_LITERAL_NULL_CONVERSION = YES;
				CLANG_WARN_OBJC_IMPLICIT_RETAIN_SELF = YES;
				CLANG_WARN_OBJC_LITERAL_CONVERSION = YES;
				CLANG_WARN_OBJC_ROOT_CLASS = YES_ERROR;
				CLANG_WARN_QUOTED_INCLUDE_IN_FRAMEWORK_HEADER = YES;
				CLANG_WARN_RANGE_LOOP_ANALYSIS = YES;
				CLANG_WARN_STRICT_PROTOTYPES = YES;
				CLANG_WARN_SUSPICIOUS_MOVE = YES;
				CLANG_WARN_UNGUARDED_AVAILABILITY = YES_AGGRESSIVE;
				CLANG_WARN_UNREACHABLE_CODE = YES;
				CLANG_WARN__DUPLICATE_METHOD_MATCH = YES;
				COPY_PHASE_STRIP = NO;
				DEBUG_INFORMATION_FORMAT = "dwarf-with-dsym";
				ENABLE_NS_ASSERTIONS = NO;
				ENABLE_STRICT_OBJC_MSGSEND = YES;
				ENABLE_USER_SCRIPT_SANDBOXING = YES;
				GCC_C_LANGUAGE_STANDARD = gnu17;
				GCC_NO_COMMON_BLOCKS = YES;
				GCC_WARN_64_TO_32_BIT_CONVERSION = YES;
				GCC_WARN_ABOUT_RETURN_TYPE = YES_ERROR;
				GCC_WARN_UNDECLARED_SELECTOR = YES;
				GCC_WARN_UNINITIALIZED_AUTOS = YES_AGGRESSIVE;
				GCC_WARN_UNUSED_FUNCTION = YES;
				GCC_WARN_UNUSED_VARIABLE = YES;
				IPHONEOS_DEPLOYMENT_TARGET = 17.4;
				LOCALIZATION_PREFERS_STRING_CATALOGS = YES;
				MTL_ENABLE_DEBUG_INFO = NO;
				MTL_FAST_MATH = YES;
				SDKROOT = iphoneos;
				SWIFT_COMPILATION_MODE = wholemodule;
				VALIDATE_PRODUCT = YES;
			};
			name = Release;
		};
		A67A7FA62C7F9A230013792D /* Debug */ = {
			isa = XCBuildConfiguration;
			buildSettings = {
				ASSETCATALOG_COMPILER_APPICON_NAME = AppIcon;
				ASSETCATALOG_COMPILER_GLOBAL_ACCENT_COLOR_NAME = AccentColor;
				CODE_SIGN_STYLE = Automatic;
				CURRENT_PROJECT_VERSION = 1;
				DEVELOPMENT_ASSET_PATHS = "\"VacationInVegas/Preview Content\"";
				ENABLE_PREVIEWS = YES;
				GENERATE_INFOPLIST_FILE = YES;
				INFOPLIST_KEY_UIApplicationSceneManifest_Generation = YES;
				INFOPLIST_KEY_UIApplicationSupportsIndirectInputEvents = YES;
				INFOPLIST_KEY_UILaunchScreen_Generation = YES;
				INFOPLIST_KEY_UISupportedInterfaceOrientations_iPad = "UIInterfaceOrientationPortrait UIInterfaceOrientationPortraitUpsideDown UIInterfaceOrientationLandscapeLeft UIInterfaceOrientationLandscapeRight";
				INFOPLIST_KEY_UISupportedInterfaceOrientations_iPhone = "UIInterfaceOrientationPortrait UIInterfaceOrientationLandscapeLeft UIInterfaceOrientationLandscapeRight";
				LD_RUNPATH_SEARCH_PATHS = (
					"$(inherited)",
					"@executable_path/Frameworks",
				);
				MARKETING_VERSION = 1.0;
				PRODUCT_BUNDLE_IDENTIFIER = com.nithishsriram.VacationInVegas;
				PRODUCT_NAME = "$(TARGET_NAME)";
				SWIFT_EMIT_LOC_STRINGS = YES;
				SWIFT_VERSION = 5.0;
				TARGETED_DEVICE_FAMILY = "1,2";
			};
			name = Debug;
		};
		A67A7FA72C7F9A230013792D /* Release */ = {
			isa = XCBuildConfiguration;
			buildSettings = {
				ASSETCATALOG_COMPILER_APPICON_NAME = AppIcon;
				ASSETCATALOG_COMPILER_GLOBAL_ACCENT_COLOR_NAME = AccentColor;
				CODE_SIGN_STYLE = Automatic;
				CURRENT_PROJECT_VERSION = 1;
				DEVELOPMENT_ASSET_PATHS = "\"VacationInVegas/Preview Content\"";
				ENABLE_PREVIEWS = YES;
				GENERATE_INFOPLIST_FILE = YES;
				INFOPLIST_KEY_UIApplicationSceneManifest_Generation = YES;
				INFOPLIST_KEY_UIApplicationSupportsIndirectInputEvents = YES;
				INFOPLIST_KEY_UILaunchScreen_Generation = YES;
				INFOPLIST_KEY_UISupportedInterfaceOrientations_iPad = "UIInterfaceOrientationPortrait UIInterfaceOrientationPortraitUpsideDown UIInterfaceOrientationLandscapeLeft UIInterfaceOrientationLandscapeRight";
				INFOPLIST_KEY_UISupportedInterfaceOrientations_iPhone = "UIInterfaceOrientationPortrait UIInterfaceOrientationLandscapeLeft UIInterfaceOrientationLandscapeRight";
				LD_RUNPATH_SEARCH_PATHS = (
					"$(inherited)",
					"@executable_path/Frameworks",
				);
				MARKETING_VERSION = 1.0;
				PRODUCT_BUNDLE_IDENTIFIER = com.nithishsriram.VacationInVegas;
				PRODUCT_NAME = "$(TARGET_NAME)";
				SWIFT_EMIT_LOC_STRINGS = YES;
				SWIFT_VERSION = 5.0;
				TARGETED_DEVICE_FAMILY = "1,2";
			};
			name = Release;
		};
/* End XCBuildConfiguration section */

/* Begin XCConfigurationList section */
		A67A7F922C7F9A220013792D /* Build configuration list for PBXProject "VacationInVegas" */ = {
			isa = XCConfigurationList;
			buildConfigurations = (
				A67A7FA32C7F9A230013792D /* Debug */,
				A67A7FA42C7F9A230013792D /* Release */,
			);
			defaultConfigurationIsVisible = 0;
			defaultConfigurationName = Release;
		};
		A67A7FA52C7F9A230013792D /* Build configuration list for PBXNativeTarget "VacationInVegas" */ = {
			isa = XCConfigurationList;
			buildConfigurations = (
				A67A7FA62C7F9A230013792D /* Debug */,
				A67A7FA72C7F9A230013792D /* Release */,
			);
			defaultConfigurationIsVisible = 0;
			defaultConfigurationName = Release;
		};
/* End XCConfigurationList section */
	};
	rootObject = A67A7F8F2C7F9A220013792D /* Project object */;
}
